
Microsoft Visual Studio Solution File, Format Version 12.00
# Visual Studio Version 17
VisualStudioVersion = 17.10.34902.84
MinimumVisualStudioVersion = 10.0.40219.1
Project("{FAE04EC0-301F-11D3-BF4B-00C04F79EFBC}") = "BlazorWasmMemoryCorruption", "BlazorWasmMemoryCorruption.csproj", "{A6C8D983-D526-44CB-B84E-213620F086E8}"
EndProject
Global
	GlobalSection(SolutionConfigurationPlatforms) = preSolution
		Release|Any CPU = Release|Any CPU
	EndGlobalSection
	GlobalSection(ProjectConfigurationPlatforms) = postSolution
		{A6C8D983-D526-44CB-B84E-213620F086E8}.Release|Any CPU.ActiveCfg = Release|Any CPU
		{A6C8D983-D526-44CB-B84E-213620F086E8}.Release|Any CPU.Build.0 = Release|Any CPU
	EndGlobalSection
	GlobalSection(SolutionProperties) = preSolution
		HideSolutionNode = FALSE
	EndGlobalSection
	GlobalSection(ExtensibilityGlobals) = postSolution
		SolutionGuid = {CB19A7F0-68B3-4186-952C-471E983331AE}
	EndGlobalSection
EndGlobal
